{
    "name": "curl-runner-reference-app",
    "version": "1.0.0",
    "lockfileVersion": 3,
    "requires": true,
    "packages": {
        "": {
            "name": "curl-runner-reference-app",
            "version": "1.0.0",
            "license": "MIT",
            "dependencies": {
                "curl-runner-core": "beta"
            },
            "engines": {
                "node": ">=18.0.0"
            }
        },
        "node_modules/curl-runner-core": {
            "version": "1.2.0-beta.0",
            "resolved": "https://registry.npmjs.org/curl-runner-core/-/curl-runner-core-1.2.0-beta.0.tgz",
            "integrity": "sha512-CtxnGNAIq83PdSZtCRzU/VTWA+AZ2C5mm+nJJaT8Jueio2Lxncfz/SHGZjQekhftQ5B7glSV56q9iRsatf14NQ==",
            "license": "MIT",
            "engines": {
                "node": ">=18.0.0"
            }
        }
    }
}
